
Microsoft Visual Studio Solution File, Format Version 12.00
# Visual Studio Version 16
VisualStudioVersion = 16.0.30523.141
MinimumVisualStudioVersion = 10.0.40219.1
Project("{FAE04EC0-301F-11D3-BF4B-00C04F79EFBC}") = "EriExpress_App_ver0.1", "EriExpress_App_ver0.1.csproj", "{D7661483-FC05-4B16-B73B-5866A6EBB832}"
EndProject
Global
	GlobalSection(SolutionConfigurationPlatforms) = preSolution
		Debug|Any CPU = Debug|Any CPU
		Release|Any CPU = Release|Any CPU
	EndGlobalSection
	GlobalSection(ProjectConfigurationPlatforms) = postSolution
		{D7661483-FC05-4B16-B73B-5866A6EBB832}.Debug|Any CPU.ActiveCfg = Debug|Any CPU
		{D7661483-FC05-4B16-B73B-5866A6EBB832}.Debug|Any CPU.Build.0 = Debug|Any CPU
		{D7661483-FC05-4B16-B73B-5866A6EBB832}.Debug|Any CPU.Deploy.0 = Debug|Any CPU
		{D7661483-FC05-4B16-B73B-5866A6EBB832}.Release|Any CPU.ActiveCfg = Release|Any CPU
		{D7661483-FC05-4B16-B73B-5866A6EBB832}.Release|Any CPU.Build.0 = Release|Any CPU
		{D7661483-FC05-4B16-B73B-5866A6EBB832}.Release|Any CPU.Deploy.0 = Release|Any CPU
	EndGlobalSection
	GlobalSection(SolutionProperties) = preSolution
		HideSolutionNode = FALSE
	EndGlobalSection
	GlobalSection(ExtensibilityGlobals) = postSolution
		SolutionGuid = {BD280139-F172-4F9F-AF10-8D4295FB8CEF}
	EndGlobalSection
EndGlobal
